
Microsoft Visual Studio Solution File, Format Version 12.00
# Visual Studio 15
VisualStudioVersion = 15.0.27004.2009
MinimumVisualStudioVersion = 10.0.40219.1
Project("{FAE04EC0-301F-11D3-BF4B-00C04F79EFBC}") = "Questionnaire", "Questionnaire\Questionnaire.csproj", "{F51F5954-8342-44CD-AA89-1C57BDE48561}"
EndProject
Project("{FAE04EC0-301F-11D3-BF4B-00C04F79EFBC}") = "TestXML", "TestXML\TestXML.csproj", "{E29D3B57-40CA-4479-93F3-5C65F54EEAE5}"
EndProject
Global
	GlobalSection(SolutionConfigurationPlatforms) = preSolution
		Debug|Any CPU = Debug|Any CPU
		Release|Any CPU = Release|Any CPU
	EndGlobalSection
	GlobalSection(ProjectConfigurationPlatforms) = postSolution
		{F51F5954-8342-44CD-AA89-1C57BDE48561}.Debug|Any CPU.ActiveCfg = Debug|Any CPU
		{F51F5954-8342-44CD-AA89-1C57BDE48561}.Debug|Any CPU.Build.0 = Debug|Any CPU
		{F51F5954-8342-44CD-AA89-1C57BDE48561}.Release|Any CPU.ActiveCfg = Release|Any CPU
		{F51F5954-8342-44CD-AA89-1C57BDE48561}.Release|Any CPU.Build.0 = Release|Any CPU
		{E29D3B57-40CA-4479-93F3-5C65F54EEAE5}.Debug|Any CPU.ActiveCfg = Debug|Any CPU
		{E29D3B57-40CA-4479-93F3-5C65F54EEAE5}.Debug|Any CPU.Build.0 = Debug|Any CPU
		{E29D3B57-40CA-4479-93F3-5C65F54EEAE5}.Release|Any CPU.ActiveCfg = Release|Any CPU
		{E29D3B57-40CA-4479-93F3-5C65F54EEAE5}.Release|Any CPU.Build.0 = Release|Any CPU
	EndGlobalSection
	GlobalSection(SolutionProperties) = preSolution
		HideSolutionNode = FALSE
	EndGlobalSection
	GlobalSection(ExtensibilityGlobals) = postSolution
		SolutionGuid = {15C1AD62-E56A-49EB-A6C1-DC76E684EC96}
	EndGlobalSection
EndGlobal
