
Microsoft Visual Studio Solution File, Format Version 12.00
# Visual Studio 14
VisualStudioVersion = 14.0.25420.1
MinimumVisualStudioVersion = 10.0.40219.1
Project("{FAE04EC0-301F-11D3-BF4B-00C04F79EFBC}") = "TestXML", "TestXML\TestXML.csproj", "{E29D3B57-40CA-4479-93F3-5C65F54EEAE5}"
EndProject
Project("{FAE04EC0-301F-11D3-BF4B-00C04F79EFBC}") = "Questionnaire1", "Questionnaire1\Questionnaire1.csproj", "{BF276A61-6E62-49CB-B50E-BCCBC3B2F191}"
EndProject
Project("{FAE04EC0-301F-11D3-BF4B-00C04F79EFBC}") = "Pluscourtchemin", "..\Pluscourtchemin\Pluscourtchemin\Pluscourtchemin.csproj", "{6F7C0E5C-624A-42B0-87CF-AF86C721E2F7}"
EndProject
Global
	GlobalSection(SolutionConfigurationPlatforms) = preSolution
		Debug|Any CPU = Debug|Any CPU
		Release|Any CPU = Release|Any CPU
	EndGlobalSection
	GlobalSection(ProjectConfigurationPlatforms) = postSolution
		{E29D3B57-40CA-4479-93F3-5C65F54EEAE5}.Debug|Any CPU.ActiveCfg = Debug|Any CPU
		{E29D3B57-40CA-4479-93F3-5C65F54EEAE5}.Debug|Any CPU.Build.0 = Debug|Any CPU
		{E29D3B57-40CA-4479-93F3-5C65F54EEAE5}.Release|Any CPU.ActiveCfg = Release|Any CPU
		{E29D3B57-40CA-4479-93F3-5C65F54EEAE5}.Release|Any CPU.Build.0 = Release|Any CPU
		{BF276A61-6E62-49CB-B50E-BCCBC3B2F191}.Debug|Any CPU.ActiveCfg = Debug|Any CPU
		{BF276A61-6E62-49CB-B50E-BCCBC3B2F191}.Debug|Any CPU.Build.0 = Debug|Any CPU
		{BF276A61-6E62-49CB-B50E-BCCBC3B2F191}.Release|Any CPU.ActiveCfg = Release|Any CPU
		{BF276A61-6E62-49CB-B50E-BCCBC3B2F191}.Release|Any CPU.Build.0 = Release|Any CPU
		{6F7C0E5C-624A-42B0-87CF-AF86C721E2F7}.Debug|Any CPU.ActiveCfg = Debug|Any CPU
		{6F7C0E5C-624A-42B0-87CF-AF86C721E2F7}.Debug|Any CPU.Build.0 = Debug|Any CPU
		{6F7C0E5C-624A-42B0-87CF-AF86C721E2F7}.Release|Any CPU.ActiveCfg = Release|Any CPU
		{6F7C0E5C-624A-42B0-87CF-AF86C721E2F7}.Release|Any CPU.Build.0 = Release|Any CPU
	EndGlobalSection
	GlobalSection(SolutionProperties) = preSolution
		HideSolutionNode = FALSE
	EndGlobalSection
	GlobalSection(ExtensibilityGlobals) = postSolution
		SolutionGuid = {15C1AD62-E56A-49EB-A6C1-DC76E684EC96}
	EndGlobalSection
EndGlobal
